
Microsoft Visual Studio Solution File, Format Version 12.00
# Visual Studio Version 16
VisualStudioVersion = 16.0.29613.14
MinimumVisualStudioVersion = 10.0.40219.1
Project("{FAE04EC0-301F-11D3-BF4B-00C04F79EFBC}") = "andculture-interview-api", "andculture-interview-api\andculture-interview-api.csproj", "{62FD2C7F-A3F7-419A-A97E-A7D7A21EC28C}"
EndProject
Global
	GlobalSection(SolutionConfigurationPlatforms) = preSolution
		Debug|Any CPU = Debug|Any CPU
		Release|Any CPU = Release|Any CPU
	EndGlobalSection
	GlobalSection(ProjectConfigurationPlatforms) = postSolution
		{62FD2C7F-A3F7-419A-A97E-A7D7A21EC28C}.Debug|Any CPU.ActiveCfg = Debug|Any CPU
		{62FD2C7F-A3F7-419A-A97E-A7D7A21EC28C}.Debug|Any CPU.Build.0 = Debug|Any CPU
		{62FD2C7F-A3F7-419A-A97E-A7D7A21EC28C}.Release|Any CPU.ActiveCfg = Release|Any CPU
		{62FD2C7F-A3F7-419A-A97E-A7D7A21EC28C}.Release|Any CPU.Build.0 = Release|Any CPU
	EndGlobalSection
	GlobalSection(SolutionProperties) = preSolution
		HideSolutionNode = FALSE
	EndGlobalSection
	GlobalSection(ExtensibilityGlobals) = postSolution
		SolutionGuid = {E7697B90-B89F-4B19-AF1E-107B04FACF56}
	EndGlobalSection
EndGlobal
